
Microsoft Visual Studio Solution File, Format Version 12.00
# Visual Studio Version 17
VisualStudioVersion = 17.11.35303.130
MinimumVisualStudioVersion = 10.0.40219.1
Project("{FAE04EC0-301F-11D3-BF4B-00C04F79EFBC}") = "ExcerciseTwo", "ExcerciseTwo\ExcerciseTwo.csproj", "{AC293113-EEC1-454F-9AED-CCEB91520DF6}"
EndProject
Global
	GlobalSection(SolutionConfigurationPlatforms) = preSolution
		Debug|Any CPU = Debug|Any CPU
		Release|Any CPU = Release|Any CPU
	EndGlobalSection
	GlobalSection(ProjectConfigurationPlatforms) = postSolution
		{AC293113-EEC1-454F-9AED-CCEB91520DF6}.Debug|Any CPU.ActiveCfg = Debug|Any CPU
		{AC293113-EEC1-454F-9AED-CCEB91520DF6}.Debug|Any CPU.Build.0 = Debug|Any CPU
		{AC293113-EEC1-454F-9AED-CCEB91520DF6}.Release|Any CPU.ActiveCfg = Release|Any CPU
		{AC293113-EEC1-454F-9AED-CCEB91520DF6}.Release|Any CPU.Build.0 = Release|Any CPU
	EndGlobalSection
	GlobalSection(SolutionProperties) = preSolution
		HideSolutionNode = FALSE
	EndGlobalSection
	GlobalSection(ExtensibilityGlobals) = postSolution
		SolutionGuid = {50E70325-A3BF-44F2-A52F-8E7E22BB9815}
	EndGlobalSection
EndGlobal
